%{"base62": {:hex, :base62, "1.2.0", "eb2b1f49a7deae2c10ff4dd862e8a87ed5ac749e6d4497367517e1894c6aa2ef", [:mix], [{:custom_base, "~> 0.2.0", [hex: :custom_base, optional: false]}]},
  "custom_base": {:hex, :custom_base, "0.2.0", "fe09e514c090dbb0e2e6ff2599b1a55415e91aabde255e0f105a404dcca7798d", [:mix], []},
  "uuid": {:hex, :uuid, "1.1.4", "36c7734e4c8e357f2f67ba57fb61799d60c20a7f817b104896cca64b857e3686", [:mix], []}}
